
Microsoft Visual Studio Solution File, Format Version 12.00
# Visual Studio Version 17
VisualStudioVersion = 17.10.35013.160
MinimumVisualStudioVersion = 10.0.40219.1
Project("{FAE04EC0-301F-11D3-BF4B-00C04F79EFBC}") = "My_Log_Analyzer_Library", "My_Log_Analyzer_Library.csproj", "{731219EB-C2F1-40D6-926C-E3B4DD9D5082}"
EndProject
Global
	GlobalSection(SolutionConfigurationPlatforms) = preSolution
		Debug|Any CPU = Debug|Any CPU
		Release|Any CPU = Release|Any CPU
	EndGlobalSection
	GlobalSection(ProjectConfigurationPlatforms) = postSolution
		{731219EB-C2F1-40D6-926C-E3B4DD9D5082}.Debug|Any CPU.ActiveCfg = Debug|Any CPU
		{731219EB-C2F1-40D6-926C-E3B4DD9D5082}.Debug|Any CPU.Build.0 = Debug|Any CPU
		{731219EB-C2F1-40D6-926C-E3B4DD9D5082}.Release|Any CPU.ActiveCfg = Release|Any CPU
		{731219EB-C2F1-40D6-926C-E3B4DD9D5082}.Release|Any CPU.Build.0 = Release|Any CPU
	EndGlobalSection
	GlobalSection(SolutionProperties) = preSolution
		HideSolutionNode = FALSE
	EndGlobalSection
	GlobalSection(ExtensibilityGlobals) = postSolution
		SolutionGuid = {F3C6B432-E739-458C-B388-0148E38152F1}
	EndGlobalSection
EndGlobal
